// !$*UTF8*$!
{
	archiveVersion = 1;
	classes = {
	};
	objectVersion = 46;
	objects = {

/* Begin PBXBuildFile section */
		1C0BB12D199ED0E2009D2F3D /* Foundation.framework in Frameworks */ = {isa = PBXBuildFile; fileRef = 1C0BB12C199ED0E2009D2F3D /* Foundation.framework */; };
		1C0BB12F199ED0E2009D2F3D /* CoreGraphics.framework in Frameworks */ = {isa = PBXBuildFile; fileRef = 1C0BB12E199ED0E2009D2F3D /* CoreGraphics.framework */; };
		1C0BB131199ED0E2009D2F3D /* UIKit.framework in Frameworks */ = {isa = PBXBuildFile; fileRef = 1C0BB130199ED0E2009D2F3D /* UIKit.framework */; };
		1C0BB137199ED0E2009D2F3D /* InfoPlist.strings in Resources */ = {isa = PBXBuildFile; fileRef = 1C0BB135199ED0E2009D2F3D /* InfoPlist.strings */; };
		1C0BB139199ED0E2009D2F3D /* main.m in Sources */ = {isa = PBXBuildFile; fileRef = 1C0BB138199ED0E2009D2F3D /* main.m */; };
		1C0BB13D199ED0E2009D2F3D /* BWAppDelegate.m in Sources */ = {isa = PBXBuildFile; fileRef = 1C0BB13C199ED0E2009D2F3D /* BWAppDelegate.m */; };
		1C0BB140199ED0E2009D2F3D /* Main.storyboard in Resources */ = {isa = PBXBuildFile; fileRef = 1C0BB13E199ED0E2009D2F3D /* Main.storyboard */; };
		1C0BB145199ED0E2009D2F3D /* Images.xcassets in Resources */ = {isa = PBXBuildFile; fileRef = 1C0BB144199ED0E2009D2F3D /* Images.xcassets */; };
		1C0BB14C199ED0E2009D2F3D /* XCTest.framework in Frameworks */ = {isa = PBXBuildFile; fileRef = 1C0BB14B199ED0E2009D2F3D /* XCTest.framework */; };
		1C0BB14D199ED0E2009D2F3D /* Foundation.framework in Frameworks */ = {isa = PBXBuildFile; fileRef = 1C0BB12C199ED0E2009D2F3D /* Foundation.framework */; };
		1C0BB14E199ED0E2009D2F3D /* UIKit.framework in Frameworks */ = {isa = PBXBuildFile; fileRef = 1C0BB130199ED0E2009D2F3D /* UIKit.framework */; };
		1C0BB156199ED0E2009D2F3D /* InfoPlist.strings in Resources */ = {isa = PBXBuildFile; fileRef = 1C0BB154199ED0E2009D2F3D /* InfoPlist.strings */; };
		1C0BB158199ED0E2009D2F3D /* Out_of_This_WorldTests.m in Sources */ = {isa = PBXBuildFile; fileRef = 1C0BB157199ED0E2009D2F3D /* Out_of_This_WorldTests.m */; };
		1C0BB163199ED1AE009D2F3D /* BWOuterSpaceTVC.m in Sources */ = {isa = PBXBuildFile; fileRef = 1C0BB162199ED1AE009D2F3D /* BWOuterSpaceTVC.m */; };
		1C751EA919A16EAA005B4F9F /* AstronomicalData.m in Sources */ = {isa = PBXBuildFile; fileRef = 1C751EA819A16EAA005B4F9F /* AstronomicalData.m */; };
		1C751EF819A17E62005B4F9F /* Earth.jpg in Resources */ = {isa = PBXBuildFile; fileRef = 1C751EEE19A17E62005B4F9F /* Earth.jpg */; };
		1C751EF919A17E62005B4F9F /* EinsteinRing.jpg in Resources */ = {isa = PBXBuildFile; fileRef = 1C751EEF19A17E62005B4F9F /* EinsteinRing.jpg */; };
		1C751EFA19A17E62005B4F9F /* Jupiter.jpg in Resources */ = {isa = PBXBuildFile; fileRef = 1C751EF019A17E62005B4F9F /* Jupiter.jpg */; };
		1C751EFB19A17E62005B4F9F /* Mars.jpg in Resources */ = {isa = PBXBuildFile; fileRef = 1C751EF119A17E62005B4F9F /* Mars.jpg */; };
		1C751EFC19A17E62005B4F9F /* Mercury.jpg in Resources */ = {isa = PBXBuildFile; fileRef = 1C751EF219A17E62005B4F9F /* Mercury.jpg */; };
		1C751EFD19A17E62005B4F9F /* Neptune.jpg in Resources */ = {isa = PBXBuildFile; fileRef = 1C751EF319A17E62005B4F9F /* Neptune.jpg */; };
		1C751EFE19A17E62005B4F9F /* Orion.jpg in Resources */ = {isa = PBXBuildFile; fileRef = 1C751EF419A17E62005B4F9F /* Orion.jpg */; };
		1C751EFF19A17E62005B4F9F /* Saturn.jpg in Resources */ = {isa = PBXBuildFile; fileRef = 1C751EF519A17E62005B4F9F /* Saturn.jpg */; };
		1C751F0019A17E62005B4F9F /* Uranus.jpg in Resources */ = {isa = PBXBuildFile; fileRef = 1C751EF619A17E62005B4F9F /* Uranus.jpg */; };
		1C751F0119A17E62005B4F9F /* Venus.jpg in Resources */ = {isa = PBXBuildFile; fileRef = 1C751EF719A17E62005B4F9F /* Venus.jpg */; };
		1C751F0519A17E8D005B4F9F /* BWSpaceObject.m in Sources */ = {isa = PBXBuildFile; fileRef = 1C751F0419A17E8D005B4F9F /* BWSpaceObject.m */; };
		1C751F6019A19D25005B4F9F /* BWSpaceImageVC.m in Sources */ = {isa = PBXBuildFile; fileRef = 1C751F5F19A19D25005B4F9F /* BWSpaceImageVC.m */; };
/* End PBXBuildFile section */

/* Begin PBXContainerItemProxy section */
		1C0BB14F199ED0E2009D2F3D /* PBXContainerItemProxy */ = {
			isa = PBXContainerItemProxy;
			containerPortal = 1C0BB121199ED0E2009D2F3D /* Project object */;
			proxyType = 1;
			remoteGlobalIDString = 1C0BB128199ED0E2009D2F3D;
			remoteInfo = "Out of This World";
		};
/* End PBXContainerItemProxy section */

/* Begin PBXFileReference section */
		1C0BB129199ED0E2009D2F3D /* Out of This World.app */ = {isa = PBXFileReference; explicitFileType = wrapper.application; includeInIndex = 0; path = "Out of This World.app"; sourceTree = BUILT_PRODUCTS_DIR; };
		1C0BB12C199ED0E2009D2F3D /* Foundation.framework */ = {isa = PBXFileReference; lastKnownFileType = wrapper.framework; name = Foundation.framework; path = System/Library/Frameworks/Foundation.framework; sourceTree = SDKROOT; };
		1C0BB12E199ED0E2009D2F3D /* CoreGraphics.framework */ = {isa = PBXFileReference; lastKnownFileType = wrapper.framework; name = CoreGraphics.framework; path = System/Library/Frameworks/CoreGraphics.framework; sourceTree = SDKROOT; };
		1C0BB130199ED0E2009D2F3D /* UIKit.framework */ = {isa = PBXFileReference; lastKnownFileType = wrapper.framework; name = UIKit.framework; path = System/Library/Frameworks/UIKit.framework; sourceTree = SDKROOT; };
		1C0BB134199ED0E2009D2F3D /* Out of This World-Info.plist */ = {isa = PBXFileReference; lastKnownFileType = text.plist.xml; path = "Out of This World-Info.plist"; sourceTree = "<group>"; };
		1C0BB136199ED0E2009D2F3D /* en */ = {isa = PBXFileReference; lastKnownFileType = text.plist.strings; name = en; path = en.lproj/InfoPlist.strings; sourceTree = "<group>"; };
		1C0BB138199ED0E2009D2F3D /* main.m */ = {isa = PBXFileReference; lastKnownFileType = sourcecode.c.objc; path = main.m; sourceTree = "<group>"; };
		1C0BB13A199ED0E2009D2F3D /* Out of This World-Prefix.pch */ = {isa = PBXFileReference; lastKnownFileType = sourcecode.c.h; path = "Out of This World-Prefix.pch"; sourceTree = "<group>"; };
		1C0BB13B199ED0E2009D2F3D /* BWAppDelegate.h */ = {isa = PBXFileReference; lastKnownFileType = sourcecode.c.h; path = BWAppDelegate.h; sourceTree = "<group>"; };
		1C0BB13C199ED0E2009D2F3D /* BWAppDelegate.m */ = {isa = PBXFileReference; lastKnownFileType = sourcecode.c.objc; path = BWAppDelegate.m; sourceTree = "<group>"; };
		1C0BB13F199ED0E2009D2F3D /* Base */ = {isa = PBXFileReference; lastKnownFileType = file.storyboard; name = Base; path = Base.lproj/Main.storyboard; sourceTree = "<group>"; };
		1C0BB144199ED0E2009D2F3D /* Images.xcassets */ = {isa = PBXFileReference; lastKnownFileType = folder.assetcatalog; path = Images.xcassets; sourceTree = "<group>"; };
		1C0BB14A199ED0E2009D2F3D /* Out of This WorldTests.xctest */ = {isa = PBXFileReference; explicitFileType = wrapper.cfbundle; includeInIndex = 0; path = "Out of This WorldTests.xctest"; sourceTree = BUILT_PRODUCTS_DIR; };
		1C0BB14B199ED0E2009D2F3D /* XCTest.framework */ = {isa = PBXFileReference; lastKnownFileType = wrapper.framework; name = XCTest.framework; path = Library/Frameworks/XCTest.framework; sourceTree = DEVELOPER_DIR; };
		1C0BB153199ED0E2009D2F3D /* Out of This WorldTests-Info.plist */ = {isa = PBXFileReference; lastKnownFileType = text.plist.xml; path = "Out of This WorldTests-Info.plist"; sourceTree = "<group>"; };
		1C0BB155199ED0E2009D2F3D /* en */ = {isa = PBXFileReference; lastKnownFileType = text.plist.strings; name = en; path = en.lproj/InfoPlist.strings; sourceTree = "<group>"; };
		1C0BB157199ED0E2009D2F3D /* Out_of_This_WorldTests.m */ = {isa = PBXFileReference; lastKnownFileType = sourcecode.c.objc; path = Out_of_This_WorldTests.m; sourceTree = "<group>"; };
		1C0BB161199ED1AE009D2F3D /* BWOuterSpaceTVC.h */ = {isa = PBXFileReference; fileEncoding = 4; lastKnownFileType = sourcecode.c.h; name = BWOuterSpaceTVC.h; path = ../BWOuterSpaceTVC.h; sourceTree = "<group>"; };
		1C0BB162199ED1AE009D2F3D /* BWOuterSpaceTVC.m */ = {isa = PBXFileReference; fileEncoding = 4; lastKnownFileType = sourcecode.c.objc; name = BWOuterSpaceTVC.m; path = ../BWOuterSpaceTVC.m; sourceTree = "<group>"; };
		1C751EA719A16EAA005B4F9F /* AstronomicalData.h */ = {isa = PBXFileReference; fileEncoding = 4; lastKnownFileType = sourcecode.c.h; path = AstronomicalData.h; sourceTree = "<group>"; };
		1C751EA819A16EAA005B4F9F /* AstronomicalData.m */ = {isa = PBXFileReference; fileEncoding = 4; lastKnownFileType = sourcecode.c.objc; path = AstronomicalData.m; sourceTree = "<group>"; };
		1C751EEE19A17E62005B4F9F /* Earth.jpg */ = {isa = PBXFileReference; lastKnownFileType = image.jpeg; path = Earth.jpg; sourceTree = "<group>"; };
		1C751EEF19A17E62005B4F9F /* EinsteinRing.jpg */ = {isa = PBXFileReference; lastKnownFileType = image.jpeg; path = EinsteinRing.jpg; sourceTree = "<group>"; };
		1C751EF019A17E62005B4F9F /* Jupiter.jpg */ = {isa = PBXFileReference; lastKnownFileType = image.jpeg; path = Jupiter.jpg; sourceTree = "<group>"; };
		1C751EF119A17E62005B4F9F /* Mars.jpg */ = {isa = PBXFileReference; lastKnownFileType = image.jpeg; path = Mars.jpg; sourceTree = "<group>"; };
		1C751EF219A17E62005B4F9F /* Mercury.jpg */ = {isa = PBXFileReference; lastKnownFileType = image.jpeg; path = Mercury.jpg; sourceTree = "<group>"; };
		1C751EF319A17E62005B4F9F /* Neptune.jpg */ = {isa = PBXFileReference; lastKnownFileType = image.jpeg; path = Neptune.jpg; sourceTree = "<group>"; };
		1C751EF419A17E62005B4F9F /* Orion.jpg */ = {isa = PBXFileReference; lastKnownFileType = image.jpeg; path = Orion.jpg; sourceTree = "<group>"; };
		1C751EF519A17E62005B4F9F /* Saturn.jpg */ = {isa = PBXFileReference; lastKnownFileType = image.jpeg; path = Saturn.jpg; sourceTree = "<group>"; };
		1C751EF619A17E62005B4F9F /* Uranus.jpg */ = {isa = PBXFileReference; lastKnownFileType = image.jpeg; path = Uranus.jpg; sourceTree = "<group>"; };
		1C751EF719A17E62005B4F9F /* Venus.jpg */ = {isa = PBXFileReference; lastKnownFileType = image.jpeg; path = Venus.jpg; sourceTree = "<group>"; };
		1C751F0319A17E8D005B4F9F /* BWSpaceObject.h */ = {isa = PBXFileReference; fileEncoding = 4; lastKnownFileType = sourcecode.c.h; name = BWSpaceObject.h; path = ../BWSpaceObject.h; sourceTree = "<group>"; };
		1C751F0419A17E8D005B4F9F /* BWSpaceObject.m */ = {isa = PBXFileReference; fileEncoding = 4; lastKnownFileType = sourcecode.c.objc; name = BWSpaceObject.m; path = ../BWSpaceObject.m; sourceTree = "<group>"; };
		1C751F5E19A19D25005B4F9F /* BWSpaceImageVC.h */ = {isa = PBXFileReference; fileEncoding = 4; lastKnownFileType = sourcecode.c.h; path = BWSpaceImageVC.h; sourceTree = "<group>"; };
		1C751F5F19A19D25005B4F9F /* BWSpaceImageVC.m */ = {isa = PBXFileReference; fileEncoding = 4; lastKnownFileType = sourcecode.c.objc; path = BWSpaceImageVC.m; sourceTree = "<group>"; };
/* End PBXFileReference section */

/* Begin PBXFrameworksBuildPhase section */
		1C0BB126199ED0E2009D2F3D /* Frameworks */ = {
			isa = PBXFrameworksBuildPhase;
			buildActionMask = 2147483647;
			files = (
				1C0BB12F199ED0E2009D2F3D /* CoreGraphics.framework in Frameworks */,
				1C0BB131199ED0E2009D2F3D /* UIKit.framework in Frameworks */,
				1C0BB12D199ED0E2009D2F3D /* Foundation.framework in Frameworks */,
			);
			runOnlyForDeploymentPostprocessing = 0;
		};
		1C0BB147199ED0E2009D2F3D /* Frameworks */ = {
			isa = PBXFrameworksBuildPhase;
			buildActionMask = 2147483647;
			files = (
				1C0BB14C199ED0E2009D2F3D /* XCTest.framework in Frameworks */,
				1C0BB14E199ED0E2009D2F3D /* UIKit.framework in Frameworks */,
				1C0BB14D199ED0E2009D2F3D /* Foundation.framework in Frameworks */,
			);
			runOnlyForDeploymentPostprocessing = 0;
		};
/* End PBXFrameworksBuildPhase section */

/* Begin PBXGroup section */
		1C0BB120199ED0E2009D2F3D = {
			isa = PBXGroup;
			children = (
				1C0BB132199ED0E2009D2F3D /* Out of This World */,
				1C0BB151199ED0E2009D2F3D /* Out of This WorldTests */,
				1C0BB12B199ED0E2009D2F3D /* Frameworks */,
				1C0BB12A199ED0E2009D2F3D /* Products */,
			);
			sourceTree = "<group>";
		};
		1C0BB12A199ED0E2009D2F3D /* Products */ = {
			isa = PBXGroup;
			children = (
				1C0BB129199ED0E2009D2F3D /* Out of This World.app */,
				1C0BB14A199ED0E2009D2F3D /* Out of This WorldTests.xctest */,
			);
			name = Products;
			sourceTree = "<group>";
		};
		1C0BB12B199ED0E2009D2F3D /* Frameworks */ = {
			isa = PBXGroup;
			children = (
				1C0BB12C199ED0E2009D2F3D /* Foundation.framework */,
				1C0BB12E199ED0E2009D2F3D /* CoreGraphics.framework */,
				1C0BB130199ED0E2009D2F3D /* UIKit.framework */,
				1C0BB14B199ED0E2009D2F3D /* XCTest.framework */,
			);
			name = Frameworks;
			sourceTree = "<group>";
		};
		1C0BB132199ED0E2009D2F3D /* Out of This World */ = {
			isa = PBXGroup;
			children = (
				1C0BB13B199ED0E2009D2F3D /* BWAppDelegate.h */,
				1C0BB13C199ED0E2009D2F3D /* BWAppDelegate.m */,
				1C0BB161199ED1AE009D2F3D /* BWOuterSpaceTVC.h */,
				1C0BB162199ED1AE009D2F3D /* BWOuterSpaceTVC.m */,
				1C0BB13E199ED0E2009D2F3D /* Main.storyboard */,
				1C751F0619A17E9E005B4F9F /* Model */,
				1C0BB144199ED0E2009D2F3D /* Images.xcassets */,
				1C0BB133199ED0E2009D2F3D /* Supporting Files */,
			);
			path = "Out of This World";
			sourceTree = "<group>";
		};
		1C0BB133199ED0E2009D2F3D /* Supporting Files */ = {
			isa = PBXGroup;
			children = (
				1C751F0219A17E6C005B4F9F /* Images */,
				1C751EA719A16EAA005B4F9F /* AstronomicalData.h */,
				1C751EA819A16EAA005B4F9F /* AstronomicalData.m */,
				1C0BB134199ED0E2009D2F3D /* Out of This World-Info.plist */,
				1C0BB135199ED0E2009D2F3D /* InfoPlist.strings */,
				1C0BB138199ED0E2009D2F3D /* main.m */,
				1C0BB13A199ED0E2009D2F3D /* Out of This World-Prefix.pch */,
			);
			name = "Supporting Files";
			sourceTree = "<group>";
		};
		1C0BB151199ED0E2009D2F3D /* Out of This WorldTests */ = {
			isa = PBXGroup;
			children = (
				1C0BB157199ED0E2009D2F3D /* Out_of_This_WorldTests.m */,
				1C0BB152199ED0E2009D2F3D /* Supporting Files */,
			);
			path = "Out of This WorldTests";
			sourceTree = "<group>";
		};
		1C0BB152199ED0E2009D2F3D /* Supporting Files */ = {
			isa = PBXGroup;
			children = (
				1C0BB153199ED0E2009D2F3D /* Out of This WorldTests-Info.plist */,
				1C0BB154199ED0E2009D2F3D /* InfoPlist.strings */,
			);
			name = "Supporting Files";
			sourceTree = "<group>";
		};
		1C751F0219A17E6C005B4F9F /* Images */ = {
			isa = PBXGroup;
			children = (
				1C751EEE19A17E62005B4F9F /* Earth.jpg */,
				1C751EEF19A17E62005B4F9F /* EinsteinRing.jpg */,
				1C751EF019A17E62005B4F9F /* Jupiter.jpg */,
				1C751EF119A17E62005B4F9F /* Mars.jpg */,
				1C751EF219A17E62005B4F9F /* Mercury.jpg */,
				1C751EF319A17E62005B4F9F /* Neptune.jpg */,
				1C751EF419A17E62005B4F9F /* Orion.jpg */,
				1C751EF519A17E62005B4F9F /* Saturn.jpg */,
				1C751EF619A17E62005B4F9F /* Uranus.jpg */,
				1C751EF719A17E62005B4F9F /* Venus.jpg */,
			);
			name = Images;
			sourceTree = "<group>";
		};
		1C751F0619A17E9E005B4F9F /* Model */ = {
			isa = PBXGroup;
			children = (
				1C751F0319A17E8D005B4F9F /* BWSpaceObject.h */,
				1C751F0419A17E8D005B4F9F /* BWSpaceObject.m */,
				1C751F5E19A19D25005B4F9F /* BWSpaceImageVC.h */,
				1C751F5F19A19D25005B4F9F /* BWSpaceImageVC.m */,
			);
			name = Model;
			sourceTree = "<group>";
			usesTabs = 1;
		};
/* End PBXGroup section */

/* Begin PBXNativeTarget section */
		1C0BB128199ED0E2009D2F3D /* Out of This World */ = {
			isa = PBXNativeTarget;
			buildConfigurationList = 1C0BB15B199ED0E2009D2F3D /* Build configuration list for PBXNativeTarget "Out of This World" */;
			buildPhases = (
				1C0BB125199ED0E2009D2F3D /* Sources */,
				1C0BB126199ED0E2009D2F3D /* Frameworks */,
				1C0BB127199ED0E2009D2F3D /* Resources */,
			);
			buildRules = (
			);
			dependencies = (
			);
			name = "Out of This World";
			productName = "Out of This World";
			productReference = 1C0BB129199ED0E2009D2F3D /* Out of This World.app */;
			productType = "com.apple.product-type.application";
		};
		1C0BB149199ED0E2009D2F3D /* Out of This WorldTests */ = {
			isa = PBXNativeTarget;
			buildConfigurationList = 1C0BB15E199ED0E2009D2F3D /* Build configuration list for PBXNativeTarget "Out of This WorldTests" */;
			buildPhases = (
				1C0BB146199ED0E2009D2F3D /* Sources */,
				1C0BB147199ED0E2009D2F3D /* Frameworks */,
				1C0BB148199ED0E2009D2F3D /* Resources */,
			);
			buildRules = (
			);
			dependencies = (
				1C0BB150199ED0E2009D2F3D /* PBXTargetDependency */,
			);
			name = "Out of This WorldTests";
			productName = "Out of This WorldTests";
			productReference = 1C0BB14A199ED0E2009D2F3D /* Out of This WorldTests.xctest */;
			productType = "com.apple.product-type.bundle.unit-test";
		};
/* End PBXNativeTarget section */

/* Begin PBXProject section */
		1C0BB121199ED0E2009D2F3D /* Project object */ = {
			isa = PBXProject;
			attributes = {
				CLASSPREFIX = BW;
				LastUpgradeCheck = 0510;
				ORGANIZATIONNAME = "Bradley White";
				TargetAttributes = {
					1C0BB149199ED0E2009D2F3D = {
						TestTargetID = 1C0BB128199ED0E2009D2F3D;
					};
				};
			};
			buildConfigurationList = 1C0BB124199ED0E2009D2F3D /* Build configuration list for PBXProject "Out of This World" */;
			compatibilityVersion = "Xcode 3.2";
			developmentRegion = English;
			hasScannedForEncodings = 0;
			knownRegions = (
				en,
				Base,
			);
			mainGroup = 1C0BB120199ED0E2009D2F3D;
			productRefGroup = 1C0BB12A199ED0E2009D2F3D /* Products */;
			projectDirPath = "";
			projectRoot = "";
			targets = (
				1C0BB128199ED0E2009D2F3D /* Out of This World */,
				1C0BB149199ED0E2009D2F3D /* Out of This WorldTests */,
			);
		};
/* End PBXProject section */

/* Begin PBXResourcesBuildPhase section */
		1C0BB127199ED0E2009D2F3D /* Resources */ = {
			isa = PBXResourcesBuildPhase;
			buildActionMask = 2147483647;
			files = (
				1C751EF819A17E62005B4F9F /* Earth.jpg in Resources */,
				1C751F0119A17E62005B4F9F /* Venus.jpg in Resources */,
				1C751EFC19A17E62005B4F9F /* Mercury.jpg in Resources */,
				1C751EFF19A17E62005B4F9F /* Saturn.jpg in Resources */,
				1C751F0019A17E62005B4F9F /* Uranus.jpg in Resources */,
				1C0BB145199ED0E2009D2F3D /* Images.xcassets in Resources */,
				1C751EFD19A17E62005B4F9F /* Neptune.jpg in Resources */,
				1C751EFB19A17E62005B4F9F /* Mars.jpg in Resources */,
				1C0BB137199ED0E2009D2F3D /* InfoPlist.strings in Resources */,
				1C0BB140199ED0E2009D2F3D /* Main.storyboard in Resources */,
				1C751EF919A17E62005B4F9F /* EinsteinRing.jpg in Resources */,
				1C751EFA19A17E62005B4F9F /* Jupiter.jpg in Resources */,
				1C751EFE19A17E62005B4F9F /* Orion.jpg in Resources */,
			);
			runOnlyForDeploymentPostprocessing = 0;
		};
		1C0BB148199ED0E2009D2F3D /* Resources */ = {
			isa = PBXResourcesBuildPhase;
			buildActionMask = 2147483647;
			files = (
				1C0BB156199ED0E2009D2F3D /* InfoPlist.strings in Resources */,
			);
			runOnlyForDeploymentPostprocessing = 0;
		};
/* End PBXResourcesBuildPhase section */

/* Begin PBXSourcesBuildPhase section */
		1C0BB125199ED0E2009D2F3D /* Sources */ = {
			isa = PBXSourcesBuildPhase;
			buildActionMask = 2147483647;
			files = (
				1C0BB163199ED1AE009D2F3D /* BWOuterSpaceTVC.m in Sources */,
				1C0BB139199ED0E2009D2F3D /* main.m in Sources */,
				1C0BB13D199ED0E2009D2F3D /* BWAppDelegate.m in Sources */,
				1C751EA919A16EAA005B4F9F /* AstronomicalData.m in Sources */,
				1C751F6019A19D25005B4F9F /* BWSpaceImageVC.m in Sources */,
				1C751F0519A17E8D005B4F9F /* BWSpaceObject.m in Sources */,
			);
			runOnlyForDeploymentPostprocessing = 0;
		};
		1C0BB146199ED0E2009D2F3D /* Sources */ = {
			isa = PBXSourcesBuildPhase;
			buildActionMask = 2147483647;
			files = (
				1C0BB158199ED0E2009D2F3D /* Out_of_This_WorldTests.m in Sources */,
			);
			runOnlyForDeploymentPostprocessing = 0;
		};
/* End PBXSourcesBuildPhase section */

/* Begin PBXTargetDependency section */
		1C0BB150199ED0E2009D2F3D /* PBXTargetDependency */ = {
			isa = PBXTargetDependency;
			target = 1C0BB128199ED0E2009D2F3D /* Out of This World */;
			targetProxy = 1C0BB14F199ED0E2009D2F3D /* PBXContainerItemProxy */;
		};
/* End PBXTargetDependency section */

/* Begin PBXVariantGroup section */
		1C0BB135199ED0E2009D2F3D /* InfoPlist.strings */ = {
			isa = PBXVariantGroup;
			children = (
				1C0BB136199ED0E2009D2F3D /* en */,
			);
			name = InfoPlist.strings;
			sourceTree = "<group>";
		};
		1C0BB13E199ED0E2009D2F3D /* Main.storyboard */ = {
			isa = PBXVariantGroup;
			children = (
				1C0BB13F199ED0E2009D2F3D /* Base */,
			);
			name = Main.storyboard;
			sourceTree = "<group>";
		};
		1C0BB154199ED0E2009D2F3D /* InfoPlist.strings */ = {
			isa = PBXVariantGroup;
			children = (
				1C0BB155199ED0E2009D2F3D /* en */,
			);
			name = InfoPlist.strings;
			sourceTree = "<group>";
		};
/* End PBXVariantGroup section */

/* Begin XCBuildConfiguration section */
		1C0BB159199ED0E2009D2F3D /* Debug */ = {
			isa = XCBuildConfiguration;
			buildSettings = {
				ALWAYS_SEARCH_USER_PATHS = NO;
				CLANG_CXX_LANGUAGE_STANDARD = "gnu++0x";
				CLANG_CXX_LIBRARY = "libc++";
				CLANG_ENABLE_MODULES = YES;
				CLANG_ENABLE_OBJC_ARC = YES;
				CLANG_WARN_BOOL_CONVERSION = YES;
				CLANG_WARN_CONSTANT_CONVERSION = YES;
				CLANG_WARN_DIRECT_OBJC_ISA_USAGE = YES_ERROR;
				CLANG_WARN_EMPTY_BODY = YES;
				CLANG_WARN_ENUM_CONVERSION = YES;
				CLANG_WARN_INT_CONVERSION = YES;
				CLANG_WARN_OBJC_ROOT_CLASS = YES_ERROR;
				CLANG_WARN__DUPLICATE_METHOD_MATCH = YES;
				"CODE_SIGN_IDENTITY[sdk=iphoneos*]" = "iPhone Developer";
				COPY_PHASE_STRIP = NO;
				GCC_C_LANGUAGE_STANDARD = gnu99;
				GCC_DYNAMIC_NO_PIC = NO;
				GCC_OPTIMIZATION_LEVEL = 0;
				GCC_PREPROCESSOR_DEFINITIONS = (
					"DEBUG=1",
					"$(inherited)",
				);
				GCC_SYMBOLS_PRIVATE_EXTERN = NO;
				GCC_WARN_64_TO_32_BIT_CONVERSION = YES;
				GCC_WARN_ABOUT_RETURN_TYPE = YES_ERROR;
				GCC_WARN_UNDECLARED_SELECTOR = YES;
				GCC_WARN_UNINITIALIZED_AUTOS = YES_AGGRESSIVE;
				GCC_WARN_UNUSED_FUNCTION = YES;
				GCC_WARN_UNUSED_VARIABLE = YES;
				IPHONEOS_DEPLOYMENT_TARGET = 7.1;
				ONLY_ACTIVE_ARCH = YES;
				SDKROOT = iphoneos;
			};
			name = Debug;
		};
		1C0BB15A199ED0E2009D2F3D /* Release */ = {
			isa = XCBuildConfiguration;
			buildSettings = {
				ALWAYS_SEARCH_USER_PATHS = NO;
				CLANG_CXX_LANGUAGE_STANDARD = "gnu++0x";
				CLANG_CXX_LIBRARY = "libc++";
				CLANG_ENABLE_MODULES = YES;
				CLANG_ENABLE_OBJC_ARC = YES;
				CLANG_WARN_BOOL_CONVERSION = YES;
				CLANG_WARN_CONSTANT_CONVERSION = YES;
				CLANG_WARN_DIRECT_OBJC_ISA_USAGE = YES_ERROR;
				CLANG_WARN_EMPTY_BODY = YES;
				CLANG_WARN_ENUM_CONVERSION = YES;
				CLANG_WARN_INT_CONVERSION = YES;
				CLANG_WARN_OBJC_ROOT_CLASS = YES_ERROR;
				CLANG_WARN__DUPLICATE_METHOD_MATCH = YES;
				"CODE_SIGN_IDENTITY[sdk=iphoneos*]" = "iPhone Developer";
				COPY_PHASE_STRIP = YES;
				ENABLE_NS_ASSERTIONS = NO;
				GCC_C_LANGUAGE_STANDARD = gnu99;
				GCC_WARN_64_TO_32_BIT_CONVERSION = YES;
				GCC_WARN_ABOUT_RETURN_TYPE = YES_ERROR;
				GCC_WARN_UNDECLARED_SELECTOR = YES;
				GCC_WARN_UNINITIALIZED_AUTOS = YES_AGGRESSIVE;
				GCC_WARN_UNUSED_FUNCTION = YES;
				GCC_WARN_UNUSED_VARIABLE = YES;
				IPHONEOS_DEPLOYMENT_TARGET = 7.1;
				SDKROOT = iphoneos;
				VALIDATE_PRODUCT = YES;
			};
			name = Release;
		};
		1C0BB15C199ED0E2009D2F3D /* Debug */ = {
			isa = XCBuildConfiguration;
			buildSettings = {
				ASSETCATALOG_COMPILER_APPICON_NAME = AppIcon;
				ASSETCATALOG_COMPILER_LAUNCHIMAGE_NAME = LaunchImage;
				GCC_PRECOMPILE_PREFIX_HEADER = YES;
				GCC_PREFIX_HEADER = "Out of This World/Out of This World-Prefix.pch";
				INFOPLIST_FILE = "Out of This World/Out of This World-Info.plist";
				PRODUCT_NAME = "$(TARGET_NAME)";
				WRAPPER_EXTENSION = app;
			};
			name = Debug;
		};
		1C0BB15D199ED0E2009D2F3D /* Release */ = {
			isa = XCBuildConfiguration;
			buildSettings = {
				ASSETCATALOG_COMPILER_APPICON_NAME = AppIcon;
				ASSETCATALOG_COMPILER_LAUNCHIMAGE_NAME = LaunchImage;
				GCC_PRECOMPILE_PREFIX_HEADER = YES;
				GCC_PREFIX_HEADER = "Out of This World/Out of This World-Prefix.pch";
				INFOPLIST_FILE = "Out of This World/Out of This World-Info.plist";
				PRODUCT_NAME = "$(TARGET_NAME)";
				WRAPPER_EXTENSION = app;
			};
			name = Release;
		};
		1C0BB15F199ED0E2009D2F3D /* Debug */ = {
			isa = XCBuildConfiguration;
			buildSettings = {
				BUNDLE_LOADER = "$(BUILT_PRODUCTS_DIR)/Out of This World.app/Out of This World";
				FRAMEWORK_SEARCH_PATHS = (
					"$(SDKROOT)/Developer/Library/Frameworks",
					"$(inherited)",
					"$(DEVELOPER_FRAMEWORKS_DIR)",
				);
				GCC_PRECOMPILE_PREFIX_HEADER = YES;
				GCC_PREFIX_HEADER = "Out of This World/Out of This World-Prefix.pch";
				GCC_PREPROCESSOR_DEFINITIONS = (
					"DEBUG=1",
					"$(inherited)",
				);
				INFOPLIST_FILE = "Out of This WorldTests/Out of This WorldTests-Info.plist";
				PRODUCT_NAME = "$(TARGET_NAME)";
				TEST_HOST = "$(BUNDLE_LOADER)";
				WRAPPER_EXTENSION = xctest;
			};
			name = Debug;
		};
		1C0BB160199ED0E2009D2F3D /* Release */ = {
			isa = XCBuildConfiguration;
			buildSettings = {
				BUNDLE_LOADER = "$(BUILT_PRODUCTS_DIR)/Out of This World.app/Out of This World";
				FRAMEWORK_SEARCH_PATHS = (
					"$(SDKROOT)/Developer/Library/Frameworks",
					"$(inherited)",
					"$(DEVELOPER_FRAMEWORKS_DIR)",
				);
				GCC_PRECOMPILE_PREFIX_HEADER = YES;
				GCC_PREFIX_HEADER = "Out of This World/Out of This World-Prefix.pch";
				INFOPLIST_FILE = "Out of This WorldTests/Out of This WorldTests-Info.plist";
				PRODUCT_NAME = "$(TARGET_NAME)";
				TEST_HOST = "$(BUNDLE_LOADER)";
				WRAPPER_EXTENSION = xctest;
			};
			name = Release;
		};
/* End XCBuildConfiguration section */

/* Begin XCConfigurationList section */
		1C0BB124199ED0E2009D2F3D /* Build configuration list for PBXProject "Out of This World" */ = {
			isa = XCConfigurationList;
			buildConfigurations = (
				1C0BB159199ED0E2009D2F3D /* Debug */,
				1C0BB15A199ED0E2009D2F3D /* Release */,
			);
			defaultConfigurationIsVisible = 0;
			defaultConfigurationName = Release;
		};
		1C0BB15B199ED0E2009D2F3D /* Build configuration list for PBXNativeTarget "Out of This World" */ = {
			isa = XCConfigurationList;
			buildConfigurations = (
				1C0BB15C199ED0E2009D2F3D /* Debug */,
				1C0BB15D199ED0E2009D2F3D /* Release */,
			);
			defaultConfigurationIsVisible = 0;
			defaultConfigurationName = Release;
		};
		1C0BB15E199ED0E2009D2F3D /* Build configuration list for PBXNativeTarget "Out of This WorldTests" */ = {
			isa = XCConfigurationList;
			buildConfigurations = (
				1C0BB15F199ED0E2009D2F3D /* Debug */,
				1C0BB160199ED0E2009D2F3D /* Release */,
			);
			defaultConfigurationIsVisible = 0;
			defaultConfigurationName = Release;
		};
/* End XCConfigurationList section */
	};
	rootObject = 1C0BB121199ED0E2009D2F3D /* Project object */;
}
